
Microsoft Visual Studio Solution File, Format Version 12.00
# Visual Studio Version 17
VisualStudioVersion = 17.0.31903.59
MinimumVisualStudioVersion = 10.0.40219.1
Project("{2150E333-8FDC-42A3-9474-1A3956D46DE8}") = "Advanced", "Advanced", "{C0F5FAE1-D96B-426F-9301-4BDD3504B98B}"
EndProject
Project("{FAE04EC0-301F-11D3-BF4B-00C04F79EFBC}") = "Delegates", "Advanced\Delegates\Delegates.csproj", "{E09E830C-FE12-433B-89AF-DD097F4D5C2C}"
EndProject
Project("{FAE04EC0-301F-11D3-BF4B-00C04F79EFBC}") = "Events", "Advanced\Events\Events.csproj", "{37EB9059-F694-4C20-B6AB-6BB8D5855A5F}"
EndProject
Project("{FAE04EC0-301F-11D3-BF4B-00C04F79EFBC}") = "Lambda", "Advanced\Lambda\Lambda.csproj", "{40F17C58-C7FC-4649-A7E0-06199E2A223D}"
EndProject
Project("{FAE04EC0-301F-11D3-BF4B-00C04F79EFBC}") = "AnonymousMethod", "Advanced\AnonymousMethod\AnonymousMethod.csproj", "{AC435BAB-752D-41FF-96AD-64AC63572E14}"
EndProject
Project("{FAE04EC0-301F-11D3-BF4B-00C04F79EFBC}") = "Enumeration", "Advanced\Enumeration\Enumeration.csproj", "{616D0B36-47A2-4EC3-9F84-43438276BB0B}"
EndProject
Project("{FAE04EC0-301F-11D3-BF4B-00C04F79EFBC}") = "Nullable", "Advanced\Nullable\Nullable.csproj", "{1691F524-9494-49A4-A602-80B97BBD9BCD}"
EndProject
Project("{FAE04EC0-301F-11D3-BF4B-00C04F79EFBC}") = "ExtensionMethods", "Advanced\ExtensionMethods\ExtensionMethods.csproj", "{8AF29EA0-8099-41C5-8DA6-068627E5FBC7}"
EndProject
Project("{FAE04EC0-301F-11D3-BF4B-00C04F79EFBC}") = "AnonymousTypes", "Advanced\AnonymousTypes\AnonymousTypes.csproj", "{95953794-604D-4E22-9F48-11570D285E47}"
EndProject
Project("{FAE04EC0-301F-11D3-BF4B-00C04F79EFBC}") = "Tuples", "Advanced\Tuples\Tuples.csproj", "{6F2CA02F-29D3-4C32-900A-FC58ADB9C92B}"
EndProject
Project("{FAE04EC0-301F-11D3-BF4B-00C04F79EFBC}") = "Records", "Advanced\Records\Records.csproj", "{E041EEB3-242A-4FE5-B270-D75565D7127E}"
EndProject
Global
	GlobalSection(SolutionConfigurationPlatforms) = preSolution
		Debug|Any CPU = Debug|Any CPU
		Release|Any CPU = Release|Any CPU
	EndGlobalSection
	GlobalSection(SolutionProperties) = preSolution
		HideSolutionNode = FALSE
	EndGlobalSection
	GlobalSection(NestedProjects) = preSolution
		{E09E830C-FE12-433B-89AF-DD097F4D5C2C} = {C0F5FAE1-D96B-426F-9301-4BDD3504B98B}
	EndGlobalSection
	GlobalSection(ProjectConfigurationPlatforms) = postSolution
		{E09E830C-FE12-433B-89AF-DD097F4D5C2C}.Debug|Any CPU.ActiveCfg = Debug|Any CPU
		{E09E830C-FE12-433B-89AF-DD097F4D5C2C}.Debug|Any CPU.Build.0 = Debug|Any CPU
		{E09E830C-FE12-433B-89AF-DD097F4D5C2C}.Release|Any CPU.ActiveCfg = Release|Any CPU
		{E09E830C-FE12-433B-89AF-DD097F4D5C2C}.Release|Any CPU.Build.0 = Release|Any CPU
		{37EB9059-F694-4C20-B6AB-6BB8D5855A5F}.Debug|Any CPU.ActiveCfg = Debug|Any CPU
		{37EB9059-F694-4C20-B6AB-6BB8D5855A5F}.Debug|Any CPU.Build.0 = Debug|Any CPU
		{37EB9059-F694-4C20-B6AB-6BB8D5855A5F}.Release|Any CPU.ActiveCfg = Release|Any CPU
		{37EB9059-F694-4C20-B6AB-6BB8D5855A5F}.Release|Any CPU.Build.0 = Release|Any CPU
		{40F17C58-C7FC-4649-A7E0-06199E2A223D}.Debug|Any CPU.ActiveCfg = Debug|Any CPU
		{40F17C58-C7FC-4649-A7E0-06199E2A223D}.Debug|Any CPU.Build.0 = Debug|Any CPU
		{40F17C58-C7FC-4649-A7E0-06199E2A223D}.Release|Any CPU.ActiveCfg = Release|Any CPU
		{40F17C58-C7FC-4649-A7E0-06199E2A223D}.Release|Any CPU.Build.0 = Release|Any CPU
		{AC435BAB-752D-41FF-96AD-64AC63572E14}.Debug|Any CPU.ActiveCfg = Debug|Any CPU
		{AC435BAB-752D-41FF-96AD-64AC63572E14}.Debug|Any CPU.Build.0 = Debug|Any CPU
		{AC435BAB-752D-41FF-96AD-64AC63572E14}.Release|Any CPU.ActiveCfg = Release|Any CPU
		{AC435BAB-752D-41FF-96AD-64AC63572E14}.Release|Any CPU.Build.0 = Release|Any CPU
		{616D0B36-47A2-4EC3-9F84-43438276BB0B}.Debug|Any CPU.ActiveCfg = Debug|Any CPU
		{616D0B36-47A2-4EC3-9F84-43438276BB0B}.Debug|Any CPU.Build.0 = Debug|Any CPU
		{616D0B36-47A2-4EC3-9F84-43438276BB0B}.Release|Any CPU.ActiveCfg = Release|Any CPU
		{616D0B36-47A2-4EC3-9F84-43438276BB0B}.Release|Any CPU.Build.0 = Release|Any CPU
		{1691F524-9494-49A4-A602-80B97BBD9BCD}.Debug|Any CPU.ActiveCfg = Debug|Any CPU
		{1691F524-9494-49A4-A602-80B97BBD9BCD}.Debug|Any CPU.Build.0 = Debug|Any CPU
		{1691F524-9494-49A4-A602-80B97BBD9BCD}.Release|Any CPU.ActiveCfg = Release|Any CPU
		{1691F524-9494-49A4-A602-80B97BBD9BCD}.Release|Any CPU.Build.0 = Release|Any CPU
		{8AF29EA0-8099-41C5-8DA6-068627E5FBC7}.Debug|Any CPU.ActiveCfg = Debug|Any CPU
		{8AF29EA0-8099-41C5-8DA6-068627E5FBC7}.Debug|Any CPU.Build.0 = Debug|Any CPU
		{8AF29EA0-8099-41C5-8DA6-068627E5FBC7}.Release|Any CPU.ActiveCfg = Release|Any CPU
		{8AF29EA0-8099-41C5-8DA6-068627E5FBC7}.Release|Any CPU.Build.0 = Release|Any CPU
		{95953794-604D-4E22-9F48-11570D285E47}.Debug|Any CPU.ActiveCfg = Debug|Any CPU
		{95953794-604D-4E22-9F48-11570D285E47}.Debug|Any CPU.Build.0 = Debug|Any CPU
		{95953794-604D-4E22-9F48-11570D285E47}.Release|Any CPU.ActiveCfg = Release|Any CPU
		{95953794-604D-4E22-9F48-11570D285E47}.Release|Any CPU.Build.0 = Release|Any CPU
		{6F2CA02F-29D3-4C32-900A-FC58ADB9C92B}.Debug|Any CPU.ActiveCfg = Debug|Any CPU
		{6F2CA02F-29D3-4C32-900A-FC58ADB9C92B}.Debug|Any CPU.Build.0 = Debug|Any CPU
		{6F2CA02F-29D3-4C32-900A-FC58ADB9C92B}.Release|Any CPU.ActiveCfg = Release|Any CPU
		{6F2CA02F-29D3-4C32-900A-FC58ADB9C92B}.Release|Any CPU.Build.0 = Release|Any CPU
		{E041EEB3-242A-4FE5-B270-D75565D7127E}.Debug|Any CPU.ActiveCfg = Debug|Any CPU
		{E041EEB3-242A-4FE5-B270-D75565D7127E}.Debug|Any CPU.Build.0 = Debug|Any CPU
		{E041EEB3-242A-4FE5-B270-D75565D7127E}.Release|Any CPU.ActiveCfg = Release|Any CPU
		{E041EEB3-242A-4FE5-B270-D75565D7127E}.Release|Any CPU.Build.0 = Release|Any CPU
	EndGlobalSection
EndGlobal
